// !$*UTF8*$!
{
	archiveVersion = 1;
	classes = {
	};
	objectVersion = 50;
	objects = {

/* Begin PBXBuildFile section */
		B412E2F8265D804E00585DE3 /* LocationModel.swift in Sources */ = {isa = PBXBuildFile; fileRef = B412E2F7265D804E00585DE3 /* LocationModel.swift */; };
		B412E2F9265D804E00585DE3 /* LocationModel.swift in Sources */ = {isa = PBXBuildFile; fileRef = B412E2F7265D804E00585DE3 /* LocationModel.swift */; };
		B430269D265C51F300EDE116 /* ExternalWebLinkView.swift in Sources */ = {isa = PBXBuildFile; fileRef = B430269C265C51F300EDE116 /* ExternalWebLinkView.swift */; };
		B430269E265C51F300EDE116 /* ExternalWebLinkView.swift in Sources */ = {isa = PBXBuildFile; fileRef = B430269C265C51F300EDE116 /* ExternalWebLinkView.swift */; };
		B46C6BFE265A7F7700355620 /* AfricaApp.swift in Sources */ = {isa = PBXBuildFile; fileRef = B46C6BEB265A7F7700355620 /* AfricaApp.swift */; };
		B46C6BFF265A7F7700355620 /* AfricaApp.swift in Sources */ = {isa = PBXBuildFile; fileRef = B46C6BEB265A7F7700355620 /* AfricaApp.swift */; };
		B46C6C00265A7F7700355620 /* ContentView.swift in Sources */ = {isa = PBXBuildFile; fileRef = B46C6BEC265A7F7700355620 /* ContentView.swift */; };
		B46C6C01265A7F7700355620 /* ContentView.swift in Sources */ = {isa = PBXBuildFile; fileRef = B46C6BEC265A7F7700355620 /* ContentView.swift */; };
		B46C6C02265A7F7700355620 /* Assets.xcassets in Resources */ = {isa = PBXBuildFile; fileRef = B46C6BED265A7F7700355620 /* Assets.xcassets */; };
		B46C6C03265A7F7700355620 /* Assets.xcassets in Resources */ = {isa = PBXBuildFile; fileRef = B46C6BED265A7F7700355620 /* Assets.xcassets */; };
		B46C6C17265A85D400355620 /* lion.mp4 in Resources */ = {isa = PBXBuildFile; fileRef = B46C6C0D265A85D000355620 /* lion.mp4 */; };
		B46C6C18265A85D400355620 /* lion.mp4 in Resources */ = {isa = PBXBuildFile; fileRef = B46C6C0D265A85D000355620 /* lion.mp4 */; };
		B46C6C19265A85D400355620 /* lioness.mp4 in Resources */ = {isa = PBXBuildFile; fileRef = B46C6C0E265A85D100355620 /* lioness.mp4 */; };
		B46C6C1A265A85D400355620 /* lioness.mp4 in Resources */ = {isa = PBXBuildFile; fileRef = B46C6C0E265A85D100355620 /* lioness.mp4 */; };
		B46C6C1B265A85D400355620 /* ostrich.mp4 in Resources */ = {isa = PBXBuildFile; fileRef = B46C6C0F265A85D100355620 /* ostrich.mp4 */; };
		B46C6C1C265A85D400355620 /* ostrich.mp4 in Resources */ = {isa = PBXBuildFile; fileRef = B46C6C0F265A85D100355620 /* ostrich.mp4 */; };
		B46C6C1D265A85D400355620 /* giraffe.mp4 in Resources */ = {isa = PBXBuildFile; fileRef = B46C6C10265A85D200355620 /* giraffe.mp4 */; };
		B46C6C1E265A85D400355620 /* giraffe.mp4 in Resources */ = {isa = PBXBuildFile; fileRef = B46C6C10265A85D200355620 /* giraffe.mp4 */; };
		B46C6C1F265A85D400355620 /* gorilla.mp4 in Resources */ = {isa = PBXBuildFile; fileRef = B46C6C11265A85D200355620 /* gorilla.mp4 */; };
		B46C6C20265A85D400355620 /* gorilla.mp4 in Resources */ = {isa = PBXBuildFile; fileRef = B46C6C11265A85D200355620 /* gorilla.mp4 */; };
		B46C6C21265A85D400355620 /* cheetah.mp4 in Resources */ = {isa = PBXBuildFile; fileRef = B46C6C12265A85D200355620 /* cheetah.mp4 */; };
		B46C6C22265A85D400355620 /* cheetah.mp4 in Resources */ = {isa = PBXBuildFile; fileRef = B46C6C12265A85D200355620 /* cheetah.mp4 */; };
		B46C6C23265A85D400355620 /* elephant.mp4 in Resources */ = {isa = PBXBuildFile; fileRef = B46C6C13265A85D300355620 /* elephant.mp4 */; };
		B46C6C24265A85D400355620 /* elephant.mp4 in Resources */ = {isa = PBXBuildFile; fileRef = B46C6C13265A85D300355620 /* elephant.mp4 */; };
		B46C6C25265A85D400355620 /* hippo.mp4 in Resources */ = {isa = PBXBuildFile; fileRef = B46C6C14265A85D300355620 /* hippo.mp4 */; };
		B46C6C26265A85D400355620 /* hippo.mp4 in Resources */ = {isa = PBXBuildFile; fileRef = B46C6C14265A85D300355620 /* hippo.mp4 */; };
		B46C6C27265A85D400355620 /* rhino.mp4 in Resources */ = {isa = PBXBuildFile; fileRef = B46C6C15265A85D400355620 /* rhino.mp4 */; };
		B46C6C28265A85D400355620 /* rhino.mp4 in Resources */ = {isa = PBXBuildFile; fileRef = B46C6C15265A85D400355620 /* rhino.mp4 */; };
		B46C6C29265A85D400355620 /* zebra.mp4 in Resources */ = {isa = PBXBuildFile; fileRef = B46C6C16265A85D400355620 /* zebra.mp4 */; };
		B46C6C2A265A85D400355620 /* zebra.mp4 in Resources */ = {isa = PBXBuildFile; fileRef = B46C6C16265A85D400355620 /* zebra.mp4 */; };
		B46C6C30265A863100355620 /* videos.json in Resources */ = {isa = PBXBuildFile; fileRef = B46C6C2C265A863000355620 /* videos.json */; };
		B46C6C31265A863100355620 /* videos.json in Resources */ = {isa = PBXBuildFile; fileRef = B46C6C2C265A863000355620 /* videos.json */; };
		B46C6C32265A863100355620 /* covers.json in Resources */ = {isa = PBXBuildFile; fileRef = B46C6C2D265A863000355620 /* covers.json */; };
		B46C6C33265A863100355620 /* covers.json in Resources */ = {isa = PBXBuildFile; fileRef = B46C6C2D265A863000355620 /* covers.json */; };
		B46C6C34265A863100355620 /* locations.json in Resources */ = {isa = PBXBuildFile; fileRef = B46C6C2E265A863100355620 /* locations.json */; };
		B46C6C35265A863100355620 /* locations.json in Resources */ = {isa = PBXBuildFile; fileRef = B46C6C2E265A863100355620 /* locations.json */; };
		B46C6C36265A863100355620 /* animals.json in Resources */ = {isa = PBXBuildFile; fileRef = B46C6C2F265A863100355620 /* animals.json */; };
		B46C6C37265A863100355620 /* animals.json in Resources */ = {isa = PBXBuildFile; fileRef = B46C6C2F265A863100355620 /* animals.json */; };
		B46C6C3A265A898F00355620 /* VideoListView.swift in Sources */ = {isa = PBXBuildFile; fileRef = B46C6C39265A898F00355620 /* VideoListView.swift */; };
		B46C6C3B265A898F00355620 /* VideoListView.swift in Sources */ = {isa = PBXBuildFile; fileRef = B46C6C39265A898F00355620 /* VideoListView.swift */; };
		B46C6C3D265A89DB00355620 /* MapView.swift in Sources */ = {isa = PBXBuildFile; fileRef = B46C6C3C265A89DB00355620 /* MapView.swift */; };
		B46C6C3E265A89DB00355620 /* MapView.swift in Sources */ = {isa = PBXBuildFile; fileRef = B46C6C3C265A89DB00355620 /* MapView.swift */; };
		B46C6C40265A8A1700355620 /* GaleryView.swift in Sources */ = {isa = PBXBuildFile; fileRef = B46C6C3F265A8A1700355620 /* GaleryView.swift */; };
		B46C6C41265A8A1700355620 /* GaleryView.swift in Sources */ = {isa = PBXBuildFile; fileRef = B46C6C3F265A8A1700355620 /* GaleryView.swift */; };
		B46C6C43265A8A4000355620 /* MainView.swift in Sources */ = {isa = PBXBuildFile; fileRef = B46C6C42265A8A4000355620 /* MainView.swift */; };
		B46C6C44265A8A4000355620 /* MainView.swift in Sources */ = {isa = PBXBuildFile; fileRef = B46C6C42265A8A4000355620 /* MainView.swift */; };
		B46C6C47265AA77F00355620 /* CoverImageView.swift in Sources */ = {isa = PBXBuildFile; fileRef = B46C6C46265AA77F00355620 /* CoverImageView.swift */; };
		B46C6C48265AA77F00355620 /* CoverImageView.swift in Sources */ = {isa = PBXBuildFile; fileRef = B46C6C46265AA77F00355620 /* CoverImageView.swift */; };
		B46C6C4B265AAAB300355620 /* CoverImageModel.swift in Sources */ = {isa = PBXBuildFile; fileRef = B46C6C4A265AAAB300355620 /* CoverImageModel.swift */; };
		B46C6C4C265AAAB300355620 /* CoverImageModel.swift in Sources */ = {isa = PBXBuildFile; fileRef = B46C6C4A265AAAB300355620 /* CoverImageModel.swift */; };
		B46C6C4F265AAD4600355620 /* CodableBundleExtension.swift in Sources */ = {isa = PBXBuildFile; fileRef = B46C6C4E265AAD4600355620 /* CodableBundleExtension.swift */; };
		B46C6C50265AAD4600355620 /* CodableBundleExtension.swift in Sources */ = {isa = PBXBuildFile; fileRef = B46C6C4E265AAD4600355620 /* CodableBundleExtension.swift */; };
		B46C6C52265ABABC00355620 /* AnimalListItemView.swift in Sources */ = {isa = PBXBuildFile; fileRef = B46C6C51265ABABC00355620 /* AnimalListItemView.swift */; };
		B46C6C53265ABABC00355620 /* AnimalListItemView.swift in Sources */ = {isa = PBXBuildFile; fileRef = B46C6C51265ABABC00355620 /* AnimalListItemView.swift */; };
		B46C6C55265ABCA800355620 /* AnimalModel.swift in Sources */ = {isa = PBXBuildFile; fileRef = B46C6C54265ABCA800355620 /* AnimalModel.swift */; };
		B46C6C56265ABCA800355620 /* AnimalModel.swift in Sources */ = {isa = PBXBuildFile; fileRef = B46C6C54265ABCA800355620 /* AnimalModel.swift */; };
		B46C6C58265AC0D600355620 /* AnimalDetailView.swift in Sources */ = {isa = PBXBuildFile; fileRef = B46C6C57265AC0D600355620 /* AnimalDetailView.swift */; };
		B46C6C59265AC0D600355620 /* AnimalDetailView.swift in Sources */ = {isa = PBXBuildFile; fileRef = B46C6C57265AC0D600355620 /* AnimalDetailView.swift */; };
		B46C6C5B265AC3EF00355620 /* HeadingView.swift in Sources */ = {isa = PBXBuildFile; fileRef = B46C6C5A265AC3EF00355620 /* HeadingView.swift */; };
		B46C6C5C265AC3EF00355620 /* HeadingView.swift in Sources */ = {isa = PBXBuildFile; fileRef = B46C6C5A265AC3EF00355620 /* HeadingView.swift */; };
		B46C6C61265AC62000355620 /* InsetsGaleryView.swift in Sources */ = {isa = PBXBuildFile; fileRef = B46C6C60265AC62000355620 /* InsetsGaleryView.swift */; };
		B46C6C62265AC62000355620 /* InsetsGaleryView.swift in Sources */ = {isa = PBXBuildFile; fileRef = B46C6C60265AC62000355620 /* InsetsGaleryView.swift */; };
		B491E927265D028F00917574 /* VideoModel.swift in Sources */ = {isa = PBXBuildFile; fileRef = B491E926265D028F00917574 /* VideoModel.swift */; };
		B491E928265D028F00917574 /* VideoModel.swift in Sources */ = {isa = PBXBuildFile; fileRef = B491E926265D028F00917574 /* VideoModel.swift */; };
		B491E92A265D030900917574 /* VideoListItemView.swift in Sources */ = {isa = PBXBuildFile; fileRef = B491E929265D030900917574 /* VideoListItemView.swift */; };
		B491E92B265D030900917574 /* VideoListItemView.swift in Sources */ = {isa = PBXBuildFile; fileRef = B491E929265D030900917574 /* VideoListItemView.swift */; };
		B491E92D265D0BAB00917574 /* VideoPlayerView.swift in Sources */ = {isa = PBXBuildFile; fileRef = B491E92C265D0BAB00917574 /* VideoPlayerView.swift */; };
		B491E92E265D0BAB00917574 /* VideoPlayerView.swift in Sources */ = {isa = PBXBuildFile; fileRef = B491E92C265D0BAB00917574 /* VideoPlayerView.swift */; };
		B491E931265D0CD000917574 /* VideoPlayerHelper.swift in Sources */ = {isa = PBXBuildFile; fileRef = B491E930265D0CD000917574 /* VideoPlayerHelper.swift */; };
		B491E932265D0CD000917574 /* VideoPlayerHelper.swift in Sources */ = {isa = PBXBuildFile; fileRef = B491E930265D0CD000917574 /* VideoPlayerHelper.swift */; };
		B4DD2CA8265C46C30001F5A0 /* InsetFactView.swift in Sources */ = {isa = PBXBuildFile; fileRef = B4DD2CA7265C46C30001F5A0 /* InsetFactView.swift */; };
		B4DD2CA9265C46C30001F5A0 /* InsetFactView.swift in Sources */ = {isa = PBXBuildFile; fileRef = B4DD2CA7265C46C30001F5A0 /* InsetFactView.swift */; };
		B4DD2CAB265C4B2F0001F5A0 /* InsetMapView.swift in Sources */ = {isa = PBXBuildFile; fileRef = B4DD2CAA265C4B2F0001F5A0 /* InsetMapView.swift */; };
		B4DD2CAC265C4B2F0001F5A0 /* InsetMapView.swift in Sources */ = {isa = PBXBuildFile; fileRef = B4DD2CAA265C4B2F0001F5A0 /* InsetMapView.swift */; };
/* End PBXBuildFile section */

/* Begin PBXFileReference section */
		B412E2F7265D804E00585DE3 /* LocationModel.swift */ = {isa = PBXFileReference; lastKnownFileType = sourcecode.swift; path = LocationModel.swift; sourceTree = "<group>"; };
		B430269C265C51F300EDE116 /* ExternalWebLinkView.swift */ = {isa = PBXFileReference; lastKnownFileType = sourcecode.swift; path = ExternalWebLinkView.swift; sourceTree = "<group>"; };
		B46C6BEB265A7F7700355620 /* AfricaApp.swift */ = {isa = PBXFileReference; lastKnownFileType = sourcecode.swift; path = AfricaApp.swift; sourceTree = "<group>"; };
		B46C6BEC265A7F7700355620 /* ContentView.swift */ = {isa = PBXFileReference; lastKnownFileType = sourcecode.swift; path = ContentView.swift; sourceTree = "<group>"; };
		B46C6BED265A7F7700355620 /* Assets.xcassets */ = {isa = PBXFileReference; lastKnownFileType = folder.assetcatalog; path = Assets.xcassets; sourceTree = "<group>"; };
		B46C6BF2265A7F7700355620 /* Africa.app */ = {isa = PBXFileReference; explicitFileType = wrapper.application; includeInIndex = 0; path = Africa.app; sourceTree = BUILT_PRODUCTS_DIR; };
		B46C6BF5265A7F7700355620 /* Info.plist */ = {isa = PBXFileReference; lastKnownFileType = text.plist.xml; path = Info.plist; sourceTree = "<group>"; };
		B46C6BFA265A7F7700355620 /* Africa.app */ = {isa = PBXFileReference; explicitFileType = wrapper.application; includeInIndex = 0; path = Africa.app; sourceTree = BUILT_PRODUCTS_DIR; };
		B46C6BFC265A7F7700355620 /* Info.plist */ = {isa = PBXFileReference; lastKnownFileType = text.plist.xml; path = Info.plist; sourceTree = "<group>"; };
		B46C6BFD265A7F7700355620 /* macOS.entitlements */ = {isa = PBXFileReference; lastKnownFileType = text.plist.entitlements; path = macOS.entitlements; sourceTree = "<group>"; };
		B46C6C0D265A85D000355620 /* lion.mp4 */ = {isa = PBXFileReference; lastKnownFileType = file; path = lion.mp4; sourceTree = "<group>"; };
		B46C6C0E265A85D100355620 /* lioness.mp4 */ = {isa = PBXFileReference; lastKnownFileType = file; path = lioness.mp4; sourceTree = "<group>"; };
		B46C6C0F265A85D100355620 /* ostrich.mp4 */ = {isa = PBXFileReference; lastKnownFileType = file; path = ostrich.mp4; sourceTree = "<group>"; };
		B46C6C10265A85D200355620 /* giraffe.mp4 */ = {isa = PBXFileReference; lastKnownFileType = file; path = giraffe.mp4; sourceTree = "<group>"; };
		B46C6C11265A85D200355620 /* gorilla.mp4 */ = {isa = PBXFileReference; lastKnownFileType = file; path = gorilla.mp4; sourceTree = "<group>"; };
		B46C6C12265A85D200355620 /* cheetah.mp4 */ = {isa = PBXFileReference; lastKnownFileType = file; path = cheetah.mp4; sourceTree = "<group>"; };
		B46C6C13265A85D300355620 /* elephant.mp4 */ = {isa = PBXFileReference; lastKnownFileType = file; path = elephant.mp4; sourceTree = "<group>"; };
		B46C6C14265A85D300355620 /* hippo.mp4 */ = {isa = PBXFileReference; lastKnownFileType = file; path = hippo.mp4; sourceTree = "<group>"; };
		B46C6C15265A85D400355620 /* rhino.mp4 */ = {isa = PBXFileReference; lastKnownFileType = file; path = rhino.mp4; sourceTree = "<group>"; };
		B46C6C16265A85D400355620 /* zebra.mp4 */ = {isa = PBXFileReference; lastKnownFileType = file; path = zebra.mp4; sourceTree = "<group>"; };
		B46C6C2C265A863000355620 /* videos.json */ = {isa = PBXFileReference; fileEncoding = 4; lastKnownFileType = text.json; path = videos.json; sourceTree = "<group>"; };
		B46C6C2D265A863000355620 /* covers.json */ = {isa = PBXFileReference; fileEncoding = 4; lastKnownFileType = text.json; path = covers.json; sourceTree = "<group>"; };
		B46C6C2E265A863100355620 /* locations.json */ = {isa = PBXFileReference; fileEncoding = 4; lastKnownFileType = text.json; path = locations.json; sourceTree = "<group>"; };
		B46C6C2F265A863100355620 /* animals.json */ = {isa = PBXFileReference; fileEncoding = 4; lastKnownFileType = text.json; path = animals.json; sourceTree = "<group>"; };
		B46C6C39265A898F00355620 /* VideoListView.swift */ = {isa = PBXFileReference; lastKnownFileType = sourcecode.swift; path = VideoListView.swift; sourceTree = "<group>"; };
		B46C6C3C265A89DB00355620 /* MapView.swift */ = {isa = PBXFileReference; lastKnownFileType = sourcecode.swift; path = MapView.swift; sourceTree = "<group>"; };
		B46C6C3F265A8A1700355620 /* GaleryView.swift */ = {isa = PBXFileReference; lastKnownFileType = sourcecode.swift; path = GaleryView.swift; sourceTree = "<group>"; };
		B46C6C42265A8A4000355620 /* MainView.swift */ = {isa = PBXFileReference; lastKnownFileType = sourcecode.swift; path = MainView.swift; sourceTree = "<group>"; };
		B46C6C46265AA77F00355620 /* CoverImageView.swift */ = {isa = PBXFileReference; lastKnownFileType = sourcecode.swift; path = CoverImageView.swift; sourceTree = "<group>"; };
		B46C6C4A265AAAB300355620 /* CoverImageModel.swift */ = {isa = PBXFileReference; lastKnownFileType = sourcecode.swift; path = CoverImageModel.swift; sourceTree = "<group>"; };
		B46C6C4E265AAD4600355620 /* CodableBundleExtension.swift */ = {isa = PBXFileReference; lastKnownFileType = sourcecode.swift; path = CodableBundleExtension.swift; sourceTree = "<group>"; };
		B46C6C51265ABABC00355620 /* AnimalListItemView.swift */ = {isa = PBXFileReference; lastKnownFileType = sourcecode.swift; path = AnimalListItemView.swift; sourceTree = "<group>"; };
		B46C6C54265ABCA800355620 /* AnimalModel.swift */ = {isa = PBXFileReference; lastKnownFileType = sourcecode.swift; path = AnimalModel.swift; sourceTree = "<group>"; };
		B46C6C57265AC0D600355620 /* AnimalDetailView.swift */ = {isa = PBXFileReference; lastKnownFileType = sourcecode.swift; path = AnimalDetailView.swift; sourceTree = "<group>"; };
		B46C6C5A265AC3EF00355620 /* HeadingView.swift */ = {isa = PBXFileReference; lastKnownFileType = sourcecode.swift; path = HeadingView.swift; sourceTree = "<group>"; };
		B46C6C60265AC62000355620 /* InsetsGaleryView.swift */ = {isa = PBXFileReference; lastKnownFileType = sourcecode.swift; path = InsetsGaleryView.swift; sourceTree = "<group>"; };
		B491E926265D028F00917574 /* VideoModel.swift */ = {isa = PBXFileReference; lastKnownFileType = sourcecode.swift; path = VideoModel.swift; sourceTree = "<group>"; };
		B491E929265D030900917574 /* VideoListItemView.swift */ = {isa = PBXFileReference; lastKnownFileType = sourcecode.swift; path = VideoListItemView.swift; sourceTree = "<group>"; };
		B491E92C265D0BAB00917574 /* VideoPlayerView.swift */ = {isa = PBXFileReference; lastKnownFileType = sourcecode.swift; path = VideoPlayerView.swift; sourceTree = "<group>"; };
		B491E930265D0CD000917574 /* VideoPlayerHelper.swift */ = {isa = PBXFileReference; lastKnownFileType = sourcecode.swift; path = VideoPlayerHelper.swift; sourceTree = "<group>"; };
		B4DD2CA7265C46C30001F5A0 /* InsetFactView.swift */ = {isa = PBXFileReference; lastKnownFileType = sourcecode.swift; path = InsetFactView.swift; sourceTree = "<group>"; };
		B4DD2CAA265C4B2F0001F5A0 /* InsetMapView.swift */ = {isa = PBXFileReference; lastKnownFileType = sourcecode.swift; path = InsetMapView.swift; sourceTree = "<group>"; };
/* End PBXFileReference section */

/* Begin PBXFrameworksBuildPhase section */
		B46C6BEF265A7F7700355620 /* Frameworks */ = {
			isa = PBXFrameworksBuildPhase;
			buildActionMask = 2147483647;
			files = (
			);
			runOnlyForDeploymentPostprocessing = 0;
		};
		B46C6BF7265A7F7700355620 /* Frameworks */ = {
			isa = PBXFrameworksBuildPhase;
			buildActionMask = 2147483647;
			files = (
			);
			runOnlyForDeploymentPostprocessing = 0;
		};
/* End PBXFrameworksBuildPhase section */

/* Begin PBXGroup section */
		B46C6BE5265A7F7600355620 = {
			isa = PBXGroup;
			children = (
				B46C6BEA265A7F7700355620 /* Shared */,
				B46C6BF4265A7F7700355620 /* iOS */,
				B46C6BFB265A7F7700355620 /* macOS */,
				B46C6BF3265A7F7700355620 /* Products */,
			);
			sourceTree = "<group>";
		};
		B46C6BEA265A7F7700355620 /* Shared */ = {
			isa = PBXGroup;
			children = (
				B46C6C38265A889F00355620 /* App */,
				B46C6C45265AA75F00355620 /* Views */,
				B491E92F265D0CB700917574 /* Helper */,
				B46C6C4D265AAD2600355620 /* Extension */,
				B46C6C49265AAA9E00355620 /* Model */,
				B46C6C2B265A861E00355620 /* Data */,
				B46C6C0C265A858500355620 /* Video */,
				B46C6BED265A7F7700355620 /* Assets.xcassets */,
			);
			path = Shared;
			sourceTree = "<group>";
		};
		B46C6BF3265A7F7700355620 /* Products */ = {
			isa = PBXGroup;
			children = (
				B46C6BF2265A7F7700355620 /* Africa.app */,
				B46C6BFA265A7F7700355620 /* Africa.app */,
			);
			name = Products;
			sourceTree = "<group>";
		};
		B46C6BF4265A7F7700355620 /* iOS */ = {
			isa = PBXGroup;
			children = (
				B46C6BF5265A7F7700355620 /* Info.plist */,
			);
			path = iOS;
			sourceTree = "<group>";
		};
		B46C6BFB265A7F7700355620 /* macOS */ = {
			isa = PBXGroup;
			children = (
				B46C6BFC265A7F7700355620 /* Info.plist */,
				B46C6BFD265A7F7700355620 /* macOS.entitlements */,
			);
			path = macOS;
			sourceTree = "<group>";
		};
		B46C6C0C265A858500355620 /* Video */ = {
			isa = PBXGroup;
			children = (
				B46C6C12265A85D200355620 /* cheetah.mp4 */,
				B46C6C13265A85D300355620 /* elephant.mp4 */,
				B46C6C10265A85D200355620 /* giraffe.mp4 */,
				B46C6C11265A85D200355620 /* gorilla.mp4 */,
				B46C6C14265A85D300355620 /* hippo.mp4 */,
				B46C6C0D265A85D000355620 /* lion.mp4 */,
				B46C6C0E265A85D100355620 /* lioness.mp4 */,
				B46C6C0F265A85D100355620 /* ostrich.mp4 */,
				B46C6C15265A85D400355620 /* rhino.mp4 */,
				B46C6C16265A85D400355620 /* zebra.mp4 */,
			);
			path = Video;
			sourceTree = "<group>";
		};
		B46C6C2B265A861E00355620 /* Data */ = {
			isa = PBXGroup;
			children = (
				B46C6C2F265A863100355620 /* animals.json */,
				B46C6C2D265A863000355620 /* covers.json */,
				B46C6C2E265A863100355620 /* locations.json */,
				B46C6C2C265A863000355620 /* videos.json */,
			);
			path = Data;
			sourceTree = "<group>";
		};
		B46C6C38265A889F00355620 /* App */ = {
			isa = PBXGroup;
			children = (
				B46C6BEB265A7F7700355620 /* AfricaApp.swift */,
				B46C6BEC265A7F7700355620 /* ContentView.swift */,
				B46C6C39265A898F00355620 /* VideoListView.swift */,
				B46C6C3C265A89DB00355620 /* MapView.swift */,
				B46C6C3F265A8A1700355620 /* GaleryView.swift */,
				B46C6C42265A8A4000355620 /* MainView.swift */,
			);
			path = App;
			sourceTree = "<group>";
		};
		B46C6C45265AA75F00355620 /* Views */ = {
			isa = PBXGroup;
			children = (
				B46C6C46265AA77F00355620 /* CoverImageView.swift */,
				B46C6C51265ABABC00355620 /* AnimalListItemView.swift */,
				B46C6C57265AC0D600355620 /* AnimalDetailView.swift */,
				B46C6C5A265AC3EF00355620 /* HeadingView.swift */,
				B46C6C60265AC62000355620 /* InsetsGaleryView.swift */,
				B4DD2CA7265C46C30001F5A0 /* InsetFactView.swift */,
				B4DD2CAA265C4B2F0001F5A0 /* InsetMapView.swift */,
				B430269C265C51F300EDE116 /* ExternalWebLinkView.swift */,
				B491E929265D030900917574 /* VideoListItemView.swift */,
				B491E92C265D0BAB00917574 /* VideoPlayerView.swift */,
			);
			path = Views;
			sourceTree = "<group>";
		};
		B46C6C49265AAA9E00355620 /* Model */ = {
			isa = PBXGroup;
			children = (
				B46C6C4A265AAAB300355620 /* CoverImageModel.swift */,
				B46C6C54265ABCA800355620 /* AnimalModel.swift */,
				B491E926265D028F00917574 /* VideoModel.swift */,
				B412E2F7265D804E00585DE3 /* LocationModel.swift */,
			);
			path = Model;
			sourceTree = "<group>";
		};
		B46C6C4D265AAD2600355620 /* Extension */ = {
			isa = PBXGroup;
			children = (
				B46C6C4E265AAD4600355620 /* CodableBundleExtension.swift */,
			);
			path = Extension;
			sourceTree = "<group>";
		};
		B491E92F265D0CB700917574 /* Helper */ = {
			isa = PBXGroup;
			children = (
				B491E930265D0CD000917574 /* VideoPlayerHelper.swift */,
			);
			path = Helper;
			sourceTree = "<group>";
		};
/* End PBXGroup section */

/* Begin PBXNativeTarget section */
		B46C6BF1265A7F7700355620 /* Africa (iOS) */ = {
			isa = PBXNativeTarget;
			buildConfigurationList = B46C6C06265A7F7700355620 /* Build configuration list for PBXNativeTarget "Africa (iOS)" */;
			buildPhases = (
				B46C6BEE265A7F7700355620 /* Sources */,
				B46C6BEF265A7F7700355620 /* Frameworks */,
				B46C6BF0265A7F7700355620 /* Resources */,
			);
			buildRules = (
			);
			dependencies = (
			);
			name = "Africa (iOS)";
			productName = "Africa (iOS)";
			productReference = B46C6BF2265A7F7700355620 /* Africa.app */;
			productType = "com.apple.product-type.application";
		};
		B46C6BF9265A7F7700355620 /* Africa (macOS) */ = {
			isa = PBXNativeTarget;
			buildConfigurationList = B46C6C09265A7F7700355620 /* Build configuration list for PBXNativeTarget "Africa (macOS)" */;
			buildPhases = (
				B46C6BF6265A7F7700355620 /* Sources */,
				B46C6BF7265A7F7700355620 /* Frameworks */,
				B46C6BF8265A7F7700355620 /* Resources */,
			);
			buildRules = (
			);
			dependencies = (
			);
			name = "Africa (macOS)";
			productName = "Africa (macOS)";
			productReference = B46C6BFA265A7F7700355620 /* Africa.app */;
			productType = "com.apple.product-type.application";
		};
/* End PBXNativeTarget section */

/* Begin PBXProject section */
		B46C6BE6265A7F7600355620 /* Project object */ = {
			isa = PBXProject;
			attributes = {
				LastSwiftUpdateCheck = 1250;
				LastUpgradeCheck = 1250;
				TargetAttributes = {
					B46C6BF1265A7F7700355620 = {
						CreatedOnToolsVersion = 12.5;
					};
					B46C6BF9265A7F7700355620 = {
						CreatedOnToolsVersion = 12.5;
					};
				};
			};
			buildConfigurationList = B46C6BE9265A7F7600355620 /* Build configuration list for PBXProject "Africa" */;
			compatibilityVersion = "Xcode 9.3";
			developmentRegion = en;
			hasScannedForEncodings = 0;
			knownRegions = (
				en,
				Base,
			);
			mainGroup = B46C6BE5265A7F7600355620;
			productRefGroup = B46C6BF3265A7F7700355620 /* Products */;
			projectDirPath = "";
			projectRoot = "";
			targets = (
				B46C6BF1265A7F7700355620 /* Africa (iOS) */,
				B46C6BF9265A7F7700355620 /* Africa (macOS) */,
			);
		};
/* End PBXProject section */

/* Begin PBXResourcesBuildPhase section */
		B46C6BF0265A7F7700355620 /* Resources */ = {
			isa = PBXResourcesBuildPhase;
			buildActionMask = 2147483647;
			files = (
				B46C6C36265A863100355620 /* animals.json in Resources */,
				B46C6C34265A863100355620 /* locations.json in Resources */,
				B46C6C32265A863100355620 /* covers.json in Resources */,
				B46C6C02265A7F7700355620 /* Assets.xcassets in Resources */,
				B46C6C25265A85D400355620 /* hippo.mp4 in Resources */,
				B46C6C17265A85D400355620 /* lion.mp4 in Resources */,
				B46C6C1B265A85D400355620 /* ostrich.mp4 in Resources */,
				B46C6C19265A85D400355620 /* lioness.mp4 in Resources */,
				B46C6C30265A863100355620 /* videos.json in Resources */,
				B46C6C23265A85D400355620 /* elephant.mp4 in Resources */,
				B46C6C29265A85D400355620 /* zebra.mp4 in Resources */,
				B46C6C1F265A85D400355620 /* gorilla.mp4 in Resources */,
				B46C6C1D265A85D400355620 /* giraffe.mp4 in Resources */,
				B46C6C27265A85D400355620 /* rhino.mp4 in Resources */,
				B46C6C21265A85D400355620 /* cheetah.mp4 in Resources */,
			);
			runOnlyForDeploymentPostprocessing = 0;
		};
		B46C6BF8265A7F7700355620 /* Resources */ = {
			isa = PBXResourcesBuildPhase;
			buildActionMask = 2147483647;
			files = (
				B46C6C37265A863100355620 /* animals.json in Resources */,
				B46C6C35265A863100355620 /* locations.json in Resources */,
				B46C6C33265A863100355620 /* covers.json in Resources */,
				B46C6C03265A7F7700355620 /* Assets.xcassets in Resources */,
				B46C6C26265A85D400355620 /* hippo.mp4 in Resources */,
				B46C6C18265A85D400355620 /* lion.mp4 in Resources */,
				B46C6C1C265A85D400355620 /* ostrich.mp4 in Resources */,
				B46C6C1A265A85D400355620 /* lioness.mp4 in Resources */,
				B46C6C31265A863100355620 /* videos.json in Resources */,
				B46C6C24265A85D400355620 /* elephant.mp4 in Resources */,
				B46C6C2A265A85D400355620 /* zebra.mp4 in Resources */,
				B46C6C20265A85D400355620 /* gorilla.mp4 in Resources */,
				B46C6C1E265A85D400355620 /* giraffe.mp4 in Resources */,
				B46C6C28265A85D400355620 /* rhino.mp4 in Resources */,
				B46C6C22265A85D400355620 /* cheetah.mp4 in Resources */,
			);
			runOnlyForDeploymentPostprocessing = 0;
		};
/* End PBXResourcesBuildPhase section */

/* Begin PBXSourcesBuildPhase section */
		B46C6BEE265A7F7700355620 /* Sources */ = {
			isa = PBXSourcesBuildPhase;
			buildActionMask = 2147483647;
			files = (
				B46C6C00265A7F7700355620 /* ContentView.swift in Sources */,
				B46C6C52265ABABC00355620 /* AnimalListItemView.swift in Sources */,
				B46C6C61265AC62000355620 /* InsetsGaleryView.swift in Sources */,
				B4DD2CA8265C46C30001F5A0 /* InsetFactView.swift in Sources */,
				B46C6C43265A8A4000355620 /* MainView.swift in Sources */,
				B46C6C47265AA77F00355620 /* CoverImageView.swift in Sources */,
				B46C6C4B265AAAB300355620 /* CoverImageModel.swift in Sources */,
				B46C6C58265AC0D600355620 /* AnimalDetailView.swift in Sources */,
				B46C6C55265ABCA800355620 /* AnimalModel.swift in Sources */,
				B4DD2CAB265C4B2F0001F5A0 /* InsetMapView.swift in Sources */,
				B491E931265D0CD000917574 /* VideoPlayerHelper.swift in Sources */,
				B46C6C3D265A89DB00355620 /* MapView.swift in Sources */,
				B430269D265C51F300EDE116 /* ExternalWebLinkView.swift in Sources */,
				B46C6BFE265A7F7700355620 /* AfricaApp.swift in Sources */,
				B491E927265D028F00917574 /* VideoModel.swift in Sources */,
				B46C6C40265A8A1700355620 /* GaleryView.swift in Sources */,
				B412E2F8265D804E00585DE3 /* LocationModel.swift in Sources */,
				B46C6C3A265A898F00355620 /* VideoListView.swift in Sources */,
				B491E92A265D030900917574 /* VideoListItemView.swift in Sources */,
				B46C6C4F265AAD4600355620 /* CodableBundleExtension.swift in Sources */,
				B46C6C5B265AC3EF00355620 /* HeadingView.swift in Sources */,
				B491E92D265D0BAB00917574 /* VideoPlayerView.swift in Sources */,
			);
			runOnlyForDeploymentPostprocessing = 0;
		};
		B46C6BF6265A7F7700355620 /* Sources */ = {
			isa = PBXSourcesBuildPhase;
			buildActionMask = 2147483647;
			files = (
				B46C6C01265A7F7700355620 /* ContentView.swift in Sources */,
				B46C6C53265ABABC00355620 /* AnimalListItemView.swift in Sources */,
				B46C6C62265AC62000355620 /* InsetsGaleryView.swift in Sources */,
				B4DD2CA9265C46C30001F5A0 /* InsetFactView.swift in Sources */,
				B46C6C44265A8A4000355620 /* MainView.swift in Sources */,
				B46C6C48265AA77F00355620 /* CoverImageView.swift in Sources */,
				B46C6C4C265AAAB300355620 /* CoverImageModel.swift in Sources */,
				B46C6C59265AC0D600355620 /* AnimalDetailView.swift in Sources */,
				B46C6C56265ABCA800355620 /* AnimalModel.swift in Sources */,
				B4DD2CAC265C4B2F0001F5A0 /* InsetMapView.swift in Sources */,
				B491E932265D0CD000917574 /* VideoPlayerHelper.swift in Sources */,
				B46C6C3E265A89DB00355620 /* MapView.swift in Sources */,
				B430269E265C51F300EDE116 /* ExternalWebLinkView.swift in Sources */,
				B46C6BFF265A7F7700355620 /* AfricaApp.swift in Sources */,
				B491E928265D028F00917574 /* VideoModel.swift in Sources */,
				B46C6C41265A8A1700355620 /* GaleryView.swift in Sources */,
				B412E2F9265D804E00585DE3 /* LocationModel.swift in Sources */,
				B46C6C3B265A898F00355620 /* VideoListView.swift in Sources */,
				B491E92B265D030900917574 /* VideoListItemView.swift in Sources */,
				B46C6C50265AAD4600355620 /* CodableBundleExtension.swift in Sources */,
				B46C6C5C265AC3EF00355620 /* HeadingView.swift in Sources */,
				B491E92E265D0BAB00917574 /* VideoPlayerView.swift in Sources */,
			);
			runOnlyForDeploymentPostprocessing = 0;
		};
/* End PBXSourcesBuildPhase section */

/* Begin XCBuildConfiguration section */
		B46C6C04265A7F7700355620 /* Debug */ = {
			isa = XCBuildConfiguration;
			buildSettings = {
				ALWAYS_SEARCH_USER_PATHS = NO;
				CLANG_ANALYZER_NONNULL = YES;
				CLANG_ANALYZER_NUMBER_OBJECT_CONVERSION = YES_AGGRESSIVE;
				CLANG_CXX_LANGUAGE_STANDARD = "gnu++14";
				CLANG_CXX_LIBRARY = "libc++";
				CLANG_ENABLE_MODULES = YES;
				CLANG_ENABLE_OBJC_ARC = YES;
				CLANG_ENABLE_OBJC_WEAK = YES;
				CLANG_WARN_BLOCK_CAPTURE_AUTORELEASING = YES;
				CLANG_WARN_BOOL_CONVERSION = YES;
				CLANG_WARN_COMMA = YES;
				CLANG_WARN_CONSTANT_CONVERSION = YES;
				CLANG_WARN_DEPRECATED_OBJC_IMPLEMENTATIONS = YES;
				CLANG_WARN_DIRECT_OBJC_ISA_USAGE = YES_ERROR;
				CLANG_WARN_DOCUMENTATION_COMMENTS = YES;
				CLANG_WARN_EMPTY_BODY = YES;
				CLANG_WARN_ENUM_CONVERSION = YES;
				CLANG_WARN_INFINITE_RECURSION = YES;
				CLANG_WARN_INT_CONVERSION = YES;
				CLANG_WARN_NON_LITERAL_NULL_CONVERSION = YES;
				CLANG_WARN_OBJC_IMPLICIT_RETAIN_SELF = YES;
				CLANG_WARN_OBJC_LITERAL_CONVERSION = YES;
				CLANG_WARN_OBJC_ROOT_CLASS = YES_ERROR;
				CLANG_WARN_QUOTED_INCLUDE_IN_FRAMEWORK_HEADER = YES;
				CLANG_WARN_RANGE_LOOP_ANALYSIS = YES;
				CLANG_WARN_STRICT_PROTOTYPES = YES;
				CLANG_WARN_SUSPICIOUS_MOVE = YES;
				CLANG_WARN_UNGUARDED_AVAILABILITY = YES_AGGRESSIVE;
				CLANG_WARN_UNREACHABLE_CODE = YES;
				CLANG_WARN__DUPLICATE_METHOD_MATCH = YES;
				COPY_PHASE_STRIP = NO;
				DEBUG_INFORMATION_FORMAT = dwarf;
				ENABLE_STRICT_OBJC_MSGSEND = YES;
				ENABLE_TESTABILITY = YES;
				GCC_C_LANGUAGE_STANDARD = gnu11;
				GCC_DYNAMIC_NO_PIC = NO;
				GCC_NO_COMMON_BLOCKS = YES;
				GCC_OPTIMIZATION_LEVEL = 0;
				GCC_PREPROCESSOR_DEFINITIONS = (
					"DEBUG=1",
					"$(inherited)",
				);
				GCC_WARN_64_TO_32_BIT_CONVERSION = YES;
				GCC_WARN_ABOUT_RETURN_TYPE = YES_ERROR;
				GCC_WARN_UNDECLARED_SELECTOR = YES;
				GCC_WARN_UNINITIALIZED_AUTOS = YES_AGGRESSIVE;
				GCC_WARN_UNUSED_FUNCTION = YES;
				GCC_WARN_UNUSED_VARIABLE = YES;
				MTL_ENABLE_DEBUG_INFO = INCLUDE_SOURCE;
				MTL_FAST_MATH = YES;
				ONLY_ACTIVE_ARCH = YES;
				SWIFT_ACTIVE_COMPILATION_CONDITIONS = DEBUG;
				SWIFT_OPTIMIZATION_LEVEL = "-Onone";
			};
			name = Debug;
		};
		B46C6C05265A7F7700355620 /* Release */ = {
			isa = XCBuildConfiguration;
			buildSettings = {
				ALWAYS_SEARCH_USER_PATHS = NO;
				CLANG_ANALYZER_NONNULL = YES;
				CLANG_ANALYZER_NUMBER_OBJECT_CONVERSION = YES_AGGRESSIVE;
				CLANG_CXX_LANGUAGE_STANDARD = "gnu++14";
				CLANG_CXX_LIBRARY = "libc++";
				CLANG_ENABLE_MODULES = YES;
				CLANG_ENABLE_OBJC_ARC = YES;
				CLANG_ENABLE_OBJC_WEAK = YES;
				CLANG_WARN_BLOCK_CAPTURE_AUTORELEASING = YES;
				CLANG_WARN_BOOL_CONVERSION = YES;
				CLANG_WARN_COMMA = YES;
				CLANG_WARN_CONSTANT_CONVERSION = YES;
				CLANG_WARN_DEPRECATED_OBJC_IMPLEMENTATIONS = YES;
				CLANG_WARN_DIRECT_OBJC_ISA_USAGE = YES_ERROR;
				CLANG_WARN_DOCUMENTATION_COMMENTS = YES;
				CLANG_WARN_EMPTY_BODY = YES;
				CLANG_WARN_ENUM_CONVERSION = YES;
				CLANG_WARN_INFINITE_RECURSION = YES;
				CLANG_WARN_INT_CONVERSION = YES;
				CLANG_WARN_NON_LITERAL_NULL_CONVERSION = YES;
				CLANG_WARN_OBJC_IMPLICIT_RETAIN_SELF = YES;
				CLANG_WARN_OBJC_LITERAL_CONVERSION = YES;
				CLANG_WARN_OBJC_ROOT_CLASS = YES_ERROR;
				CLANG_WARN_QUOTED_INCLUDE_IN_FRAMEWORK_HEADER = YES;
				CLANG_WARN_RANGE_LOOP_ANALYSIS = YES;
				CLANG_WARN_STRICT_PROTOTYPES = YES;
				CLANG_WARN_SUSPICIOUS_MOVE = YES;
				CLANG_WARN_UNGUARDED_AVAILABILITY = YES_AGGRESSIVE;
				CLANG_WARN_UNREACHABLE_CODE = YES;
				CLANG_WARN__DUPLICATE_METHOD_MATCH = YES;
				COPY_PHASE_STRIP = NO;
				DEBUG_INFORMATION_FORMAT = "dwarf-with-dsym";
				ENABLE_NS_ASSERTIONS = NO;
				ENABLE_STRICT_OBJC_MSGSEND = YES;
				GCC_C_LANGUAGE_STANDARD = gnu11;
				GCC_NO_COMMON_BLOCKS = YES;
				GCC_WARN_64_TO_32_BIT_CONVERSION = YES;
				GCC_WARN_ABOUT_RETURN_TYPE = YES_ERROR;
				GCC_WARN_UNDECLARED_SELECTOR = YES;
				GCC_WARN_UNINITIALIZED_AUTOS = YES_AGGRESSIVE;
				GCC_WARN_UNUSED_FUNCTION = YES;
				GCC_WARN_UNUSED_VARIABLE = YES;
				MTL_ENABLE_DEBUG_INFO = NO;
				MTL_FAST_MATH = YES;
				SWIFT_COMPILATION_MODE = wholemodule;
				SWIFT_OPTIMIZATION_LEVEL = "-O";
			};
			name = Release;
		};
		B46C6C07265A7F7700355620 /* Debug */ = {
			isa = XCBuildConfiguration;
			buildSettings = {
				ASSETCATALOG_COMPILER_APPICON_NAME = AppIcon;
				ASSETCATALOG_COMPILER_GLOBAL_ACCENT_COLOR_NAME = AccentColor;
				CODE_SIGN_STYLE = Automatic;
				DEVELOPMENT_TEAM = 94FYN8Y368;
				ENABLE_PREVIEWS = YES;
				INFOPLIST_FILE = iOS/Info.plist;
				IPHONEOS_DEPLOYMENT_TARGET = 14.0;
				LD_RUNPATH_SEARCH_PATHS = (
					"$(inherited)",
					"@executable_path/Frameworks",
				);
				PRODUCT_BUNDLE_IDENTIFIER = com.oguzkaya.Africa;
				PRODUCT_NAME = Africa;
				SDKROOT = iphoneos;
				SWIFT_VERSION = 5.0;
				TARGETED_DEVICE_FAMILY = "1,2";
			};
			name = Debug;
		};
		B46C6C08265A7F7700355620 /* Release */ = {
			isa = XCBuildConfiguration;
			buildSettings = {
				ASSETCATALOG_COMPILER_APPICON_NAME = AppIcon;
				ASSETCATALOG_COMPILER_GLOBAL_ACCENT_COLOR_NAME = AccentColor;
				CODE_SIGN_STYLE = Automatic;
				DEVELOPMENT_TEAM = 94FYN8Y368;
				ENABLE_PREVIEWS = YES;
				INFOPLIST_FILE = iOS/Info.plist;
				IPHONEOS_DEPLOYMENT_TARGET = 14.0;
				LD_RUNPATH_SEARCH_PATHS = (
					"$(inherited)",
					"@executable_path/Frameworks",
				);
				PRODUCT_BUNDLE_IDENTIFIER = com.oguzkaya.Africa;
				PRODUCT_NAME = Africa;
				SDKROOT = iphoneos;
				SWIFT_VERSION = 5.0;
				TARGETED_DEVICE_FAMILY = "1,2";
				VALIDATE_PRODUCT = YES;
			};
			name = Release;
		};
		B46C6C0A265A7F7700355620 /* Debug */ = {
			isa = XCBuildConfiguration;
			buildSettings = {
				ASSETCATALOG_COMPILER_APPICON_NAME = AppIcon;
				ASSETCATALOG_COMPILER_GLOBAL_ACCENT_COLOR_NAME = AccentColor;
				CODE_SIGN_ENTITLEMENTS = macOS/macOS.entitlements;
				CODE_SIGN_STYLE = Automatic;
				COMBINE_HIDPI_IMAGES = YES;
				DEVELOPMENT_TEAM = 94FYN8Y368;
				ENABLE_HARDENED_RUNTIME = YES;
				ENABLE_PREVIEWS = YES;
				INFOPLIST_FILE = macOS/Info.plist;
				LD_RUNPATH_SEARCH_PATHS = (
					"$(inherited)",
					"@executable_path/../Frameworks",
				);
				MACOSX_DEPLOYMENT_TARGET = 11.0;
				PRODUCT_BUNDLE_IDENTIFIER = com.oguzkaya.Africa;
				PRODUCT_NAME = Africa;
				SDKROOT = macosx;
				SWIFT_VERSION = 5.0;
			};
			name = Debug;
		};
		B46C6C0B265A7F7700355620 /* Release */ = {
			isa = XCBuildConfiguration;
			buildSettings = {
				ASSETCATALOG_COMPILER_APPICON_NAME = AppIcon;
				ASSETCATALOG_COMPILER_GLOBAL_ACCENT_COLOR_NAME = AccentColor;
				CODE_SIGN_ENTITLEMENTS = macOS/macOS.entitlements;
				CODE_SIGN_STYLE = Automatic;
				COMBINE_HIDPI_IMAGES = YES;
				DEVELOPMENT_TEAM = 94FYN8Y368;
				ENABLE_HARDENED_RUNTIME = YES;
				ENABLE_PREVIEWS = YES;
				INFOPLIST_FILE = macOS/Info.plist;
				LD_RUNPATH_SEARCH_PATHS = (
					"$(inherited)",
					"@executable_path/../Frameworks",
				);
				MACOSX_DEPLOYMENT_TARGET = 11.0;
				PRODUCT_BUNDLE_IDENTIFIER = com.oguzkaya.Africa;
				PRODUCT_NAME = Africa;
				SDKROOT = macosx;
				SWIFT_VERSION = 5.0;
			};
			name = Release;
		};
/* End XCBuildConfiguration section */

/* Begin XCConfigurationList section */
		B46C6BE9265A7F7600355620 /* Build configuration list for PBXProject "Africa" */ = {
			isa = XCConfigurationList;
			buildConfigurations = (
				B46C6C04265A7F7700355620 /* Debug */,
				B46C6C05265A7F7700355620 /* Release */,
			);
			defaultConfigurationIsVisible = 0;
			defaultConfigurationName = Release;
		};
		B46C6C06265A7F7700355620 /* Build configuration list for PBXNativeTarget "Africa (iOS)" */ = {
			isa = XCConfigurationList;
			buildConfigurations = (
				B46C6C07265A7F7700355620 /* Debug */,
				B46C6C08265A7F7700355620 /* Release */,
			);
			defaultConfigurationIsVisible = 0;
			defaultConfigurationName = Release;
		};
		B46C6C09265A7F7700355620 /* Build configuration list for PBXNativeTarget "Africa (macOS)" */ = {
			isa = XCConfigurationList;
			buildConfigurations = (
				B46C6C0A265A7F7700355620 /* Debug */,
				B46C6C0B265A7F7700355620 /* Release */,
			);
			defaultConfigurationIsVisible = 0;
			defaultConfigurationName = Release;
		};
/* End XCConfigurationList section */
	};
	rootObject = B46C6BE6265A7F7600355620 /* Project object */;
}
